
Microsoft Visual Studio Solution File, Format Version 12.00
# Visual Studio Version 17
VisualStudioVersion = 17.1.32210.238
MinimumVisualStudioVersion = 10.0.40219.1
Project("{8BC9CEB8-8B4A-11D0-8D11-00A0C91BC942}") = "AssemblerLabs", "AssemblerLabs\AssemblerLabs.vcxproj", "{00C44E8B-AD93-4512-A391-D8054E3B65B0}"
EndProject
Project("{8BC9CEB8-8B4A-11D0-8D11-00A0C91BC942}") = "KR", "KR\KR.vcxproj", "{F749AC2D-D23D-46DA-8D03-7DC2A11F49A6}"
EndProject
Global
	GlobalSection(SolutionConfigurationPlatforms) = preSolution
		Debug|x64 = Debug|x64
		Debug|x86 = Debug|x86
		Release|x64 = Release|x64
		Release|x86 = Release|x86
	EndGlobalSection
	GlobalSection(ProjectConfigurationPlatforms) = postSolution
		{00C44E8B-AD93-4512-A391-D8054E3B65B0}.Debug|x64.ActiveCfg = Debug|x64
		{00C44E8B-AD93-4512-A391-D8054E3B65B0}.Debug|x64.Build.0 = Debug|x64
		{00C44E8B-AD93-4512-A391-D8054E3B65B0}.Debug|x86.ActiveCfg = Debug|Win32
		{00C44E8B-AD93-4512-A391-D8054E3B65B0}.Debug|x86.Build.0 = Debug|Win32
		{00C44E8B-AD93-4512-A391-D8054E3B65B0}.Release|x64.ActiveCfg = Release|x64
		{00C44E8B-AD93-4512-A391-D8054E3B65B0}.Release|x64.Build.0 = Release|x64
		{00C44E8B-AD93-4512-A391-D8054E3B65B0}.Release|x86.ActiveCfg = Release|Win32
		{00C44E8B-AD93-4512-A391-D8054E3B65B0}.Release|x86.Build.0 = Release|Win32
		{F749AC2D-D23D-46DA-8D03-7DC2A11F49A6}.Debug|x64.ActiveCfg = Debug|x64
		{F749AC2D-D23D-46DA-8D03-7DC2A11F49A6}.Debug|x64.Build.0 = Debug|x64
		{F749AC2D-D23D-46DA-8D03-7DC2A11F49A6}.Debug|x86.ActiveCfg = Debug|Win32
		{F749AC2D-D23D-46DA-8D03-7DC2A11F49A6}.Debug|x86.Build.0 = Debug|Win32
		{F749AC2D-D23D-46DA-8D03-7DC2A11F49A6}.Release|x64.ActiveCfg = Release|x64
		{F749AC2D-D23D-46DA-8D03-7DC2A11F49A6}.Release|x64.Build.0 = Release|x64
		{F749AC2D-D23D-46DA-8D03-7DC2A11F49A6}.Release|x86.ActiveCfg = Release|Win32
		{F749AC2D-D23D-46DA-8D03-7DC2A11F49A6}.Release|x86.Build.0 = Release|Win32
	EndGlobalSection
	GlobalSection(SolutionProperties) = preSolution
		HideSolutionNode = FALSE
	EndGlobalSection
	GlobalSection(ExtensibilityGlobals) = postSolution
		SolutionGuid = {DA31AA00-9944-4A82-825B-81F43BE0D1A9}
	EndGlobalSection
EndGlobal
